// !$*UTF8*$!
{
	archiveVersion = 1;
	classes = {
	};
	objectVersion = 55;
	objects = {

/* Begin PBXBuildFile section */
		6ADB9DFA2727D54800D983D3 /* AppDelegate.swift in Sources */ = {isa = PBXBuildFile; fileRef = 6ADB9DF92727D54800D983D3 /* AppDelegate.swift */; };
		6ADB9DFC2727D54800D983D3 /* SceneDelegate.swift in Sources */ = {isa = PBXBuildFile; fileRef = 6ADB9DFB2727D54800D983D3 /* SceneDelegate.swift */; };
		6ADB9DFE2727D54800D983D3 /* ViewController.swift in Sources */ = {isa = PBXBuildFile; fileRef = 6ADB9DFD2727D54800D983D3 /* ViewController.swift */; };
		6ADB9E012727D54800D983D3 /* Main.storyboard in Resources */ = {isa = PBXBuildFile; fileRef = 6ADB9DFF2727D54800D983D3 /* Main.storyboard */; };
		6ADB9E032727D54B00D983D3 /* Assets.xcassets in Resources */ = {isa = PBXBuildFile; fileRef = 6ADB9E022727D54B00D983D3 /* Assets.xcassets */; };
		6ADB9E062727D54B00D983D3 /* LaunchScreen.storyboard in Resources */ = {isa = PBXBuildFile; fileRef = 6ADB9E042727D54B00D983D3 /* LaunchScreen.storyboard */; };
		6ADB9E0F2727D61E00D983D3 /* MyLibrary in Frameworks */ = {isa = PBXBuildFile; productRef = 6ADB9E0E2727D61E00D983D3 /* MyLibrary */; };
		6ADB9E122727EDAC00D983D3 /* NextViewController in Frameworks */ = {isa = PBXBuildFile; productRef = 6ADB9E112727EDAC00D983D3 /* NextViewController */; };
/* End PBXBuildFile section */

/* Begin PBXFileReference section */
		6ADB9DF62727D54800D983D3 /* swiftPackageDemo.app */ = {isa = PBXFileReference; explicitFileType = wrapper.application; includeInIndex = 0; path = swiftPackageDemo.app; sourceTree = BUILT_PRODUCTS_DIR; };
		6ADB9DF92727D54800D983D3 /* AppDelegate.swift */ = {isa = PBXFileReference; lastKnownFileType = sourcecode.swift; path = AppDelegate.swift; sourceTree = "<group>"; };
		6ADB9DFB2727D54800D983D3 /* SceneDelegate.swift */ = {isa = PBXFileReference; lastKnownFileType = sourcecode.swift; path = SceneDelegate.swift; sourceTree = "<group>"; };
		6ADB9DFD2727D54800D983D3 /* ViewController.swift */ = {isa = PBXFileReference; lastKnownFileType = sourcecode.swift; path = ViewController.swift; sourceTree = "<group>"; };
		6ADB9E002727D54800D983D3 /* Base */ = {isa = PBXFileReference; lastKnownFileType = file.storyboard; name = Base; path = Base.lproj/Main.storyboard; sourceTree = "<group>"; };
		6ADB9E022727D54B00D983D3 /* Assets.xcassets */ = {isa = PBXFileReference; lastKnownFileType = folder.assetcatalog; path = Assets.xcassets; sourceTree = "<group>"; };
		6ADB9E052727D54B00D983D3 /* Base */ = {isa = PBXFileReference; lastKnownFileType = file.storyboard; name = Base; path = Base.lproj/LaunchScreen.storyboard; sourceTree = "<group>"; };
		6ADB9E072727D54B00D983D3 /* Info.plist */ = {isa = PBXFileReference; lastKnownFileType = text.plist.xml; path = Info.plist; sourceTree = "<group>"; };
/* End PBXFileReference section */

/* Begin PBXFrameworksBuildPhase section */
		6ADB9DF32727D54800D983D3 /* Frameworks */ = {
			isa = PBXFrameworksBuildPhase;
			buildActionMask = 2147483647;
			files = (
				6ADB9E122727EDAC00D983D3 /* NextViewController in Frameworks */,
				6ADB9E0F2727D61E00D983D3 /* MyLibrary in Frameworks */,
			);
			runOnlyForDeploymentPostprocessing = 0;
		};
/* End PBXFrameworksBuildPhase section */

/* Begin PBXGroup section */
		6ADB9DED2727D54700D983D3 = {
			isa = PBXGroup;
			children = (
				6ADB9DF82727D54800D983D3 /* swiftPackageDemo */,
				6ADB9DF72727D54800D983D3 /* Products */,
			);
			sourceTree = "<group>";
		};
		6ADB9DF72727D54800D983D3 /* Products */ = {
			isa = PBXGroup;
			children = (
				6ADB9DF62727D54800D983D3 /* swiftPackageDemo.app */,
			);
			name = Products;
			sourceTree = "<group>";
		};
		6ADB9DF82727D54800D983D3 /* swiftPackageDemo */ = {
			isa = PBXGroup;
			children = (
				6ADB9DF92727D54800D983D3 /* AppDelegate.swift */,
				6ADB9DFB2727D54800D983D3 /* SceneDelegate.swift */,
				6ADB9DFD2727D54800D983D3 /* ViewController.swift */,
				6ADB9DFF2727D54800D983D3 /* Main.storyboard */,
				6ADB9E022727D54B00D983D3 /* Assets.xcassets */,
				6ADB9E042727D54B00D983D3 /* LaunchScreen.storyboard */,
				6ADB9E072727D54B00D983D3 /* Info.plist */,
			);
			path = swiftPackageDemo;
			sourceTree = "<group>";
		};
/* End PBXGroup section */

/* Begin PBXNativeTarget section */
		6ADB9DF52727D54800D983D3 /* swiftPackageDemo */ = {
			isa = PBXNativeTarget;
			buildConfigurationList = 6ADB9E0A2727D54B00D983D3 /* Build configuration list for PBXNativeTarget "swiftPackageDemo" */;
			buildPhases = (
				6ADB9DF22727D54800D983D3 /* Sources */,
				6ADB9DF32727D54800D983D3 /* Frameworks */,
				6ADB9DF42727D54800D983D3 /* Resources */,
			);
			buildRules = (
			);
			dependencies = (
			);
			name = swiftPackageDemo;
			packageProductDependencies = (
				6ADB9E0E2727D61E00D983D3 /* MyLibrary */,
				6ADB9E112727EDAC00D983D3 /* NextViewController */,
			);
			productName = swiftPackageDemo;
			productReference = 6ADB9DF62727D54800D983D3 /* swiftPackageDemo.app */;
			productType = "com.apple.product-type.application";
		};
/* End PBXNativeTarget section */

/* Begin PBXProject section */
		6ADB9DEE2727D54700D983D3 /* Project object */ = {
			isa = PBXProject;
			attributes = {
				BuildIndependentTargetsInParallel = 1;
				LastSwiftUpdateCheck = 1300;
				LastUpgradeCheck = 1300;
				TargetAttributes = {
					6ADB9DF52727D54800D983D3 = {
						CreatedOnToolsVersion = 13.0;
					};
				};
			};
			buildConfigurationList = 6ADB9DF12727D54700D983D3 /* Build configuration list for PBXProject "swiftPackageDemo" */;
			compatibilityVersion = "Xcode 13.0";
			developmentRegion = en;
			hasScannedForEncodings = 0;
			knownRegions = (
				en,
				Base,
			);
			mainGroup = 6ADB9DED2727D54700D983D3;
			packageReferences = (
				6ADB9E0D2727D61E00D983D3 /* XCRemoteSwiftPackageReference "MyLibrary" */,
				6ADB9E102727EDAC00D983D3 /* XCRemoteSwiftPackageReference "NextViewController" */,
			);
			productRefGroup = 6ADB9DF72727D54800D983D3 /* Products */;
			projectDirPath = "";
			projectRoot = "";
			targets = (
				6ADB9DF52727D54800D983D3 /* swiftPackageDemo */,
			);
		};
/* End PBXProject section */

/* Begin PBXResourcesBuildPhase section */
		6ADB9DF42727D54800D983D3 /* Resources */ = {
			isa = PBXResourcesBuildPhase;
			buildActionMask = 2147483647;
			files = (
				6ADB9E062727D54B00D983D3 /* LaunchScreen.storyboard in Resources */,
				6ADB9E032727D54B00D983D3 /* Assets.xcassets in Resources */,
				6ADB9E012727D54800D983D3 /* Main.storyboard in Resources */,
			);
			runOnlyForDeploymentPostprocessing = 0;
		};
/* End PBXResourcesBuildPhase section */

/* Begin PBXSourcesBuildPhase section */
		6ADB9DF22727D54800D983D3 /* Sources */ = {
			isa = PBXSourcesBuildPhase;
			buildActionMask = 2147483647;
			files = (
				6ADB9DFE2727D54800D983D3 /* ViewController.swift in Sources */,
				6ADB9DFA2727D54800D983D3 /* AppDelegate.swift in Sources */,
				6ADB9DFC2727D54800D983D3 /* SceneDelegate.swift in Sources */,
			);
			runOnlyForDeploymentPostprocessing = 0;
		};
/* End PBXSourcesBuildPhase section */

/* Begin PBXVariantGroup section */
		6ADB9DFF2727D54800D983D3 /* Main.storyboard */ = {
			isa = PBXVariantGroup;
			children = (
				6ADB9E002727D54800D983D3 /* Base */,
			);
			name = Main.storyboard;
			sourceTree = "<group>";
		};
		6ADB9E042727D54B00D983D3 /* LaunchScreen.storyboard */ = {
			isa = PBXVariantGroup;
			children = (
				6ADB9E052727D54B00D983D3 /* Base */,
			);
			name = LaunchScreen.storyboard;
			sourceTree = "<group>";
		};
/* End PBXVariantGroup section */

/* Begin XCBuildConfiguration section */
		6ADB9E082727D54B00D983D3 /* Debug */ = {
			isa = XCBuildConfiguration;
			buildSettings = {
				ALWAYS_SEARCH_USER_PATHS = NO;
				CLANG_ANALYZER_NONNULL = YES;
				CLANG_ANALYZER_NUMBER_OBJECT_CONVERSION = YES_AGGRESSIVE;
				CLANG_CXX_LANGUAGE_STANDARD = "gnu++17";
				CLANG_CXX_LIBRARY = "libc++";
				CLANG_ENABLE_MODULES = YES;
				CLANG_ENABLE_OBJC_ARC = YES;
				CLANG_ENABLE_OBJC_WEAK = YES;
				CLANG_WARN_BLOCK_CAPTURE_AUTORELEASING = YES;
				CLANG_WARN_BOOL_CONVERSION = YES;
				CLANG_WARN_COMMA = YES;
				CLANG_WARN_CONSTANT_CONVERSION = YES;
				CLANG_WARN_DEPRECATED_OBJC_IMPLEMENTATIONS = YES;
				CLANG_WARN_DIRECT_OBJC_ISA_USAGE = YES_ERROR;
				CLANG_WARN_DOCUMENTATION_COMMENTS = YES;
				CLANG_WARN_EMPTY_BODY = YES;
				CLANG_WARN_ENUM_CONVERSION = YES;
				CLANG_WARN_INFINITE_RECURSION = YES;
				CLANG_WARN_INT_CONVERSION = YES;
				CLANG_WARN_NON_LITERAL_NULL_CONVERSION = YES;
				CLANG_WARN_OBJC_IMPLICIT_RETAIN_SELF = YES;
				CLANG_WARN_OBJC_LITERAL_CONVERSION = YES;
				CLANG_WARN_OBJC_ROOT_CLASS = YES_ERROR;
				CLANG_WARN_QUOTED_INCLUDE_IN_FRAMEWORK_HEADER = YES;
				CLANG_WARN_RANGE_LOOP_ANALYSIS = YES;
				CLANG_WARN_STRICT_PROTOTYPES = YES;
				CLANG_WARN_SUSPICIOUS_MOVE = YES;
				CLANG_WARN_UNGUARDED_AVAILABILITY = YES_AGGRESSIVE;
				CLANG_WARN_UNREACHABLE_CODE = YES;
				CLANG_WARN__DUPLICATE_METHOD_MATCH = YES;
				COPY_PHASE_STRIP = NO;
				DEBUG_INFORMATION_FORMAT = dwarf;
				ENABLE_STRICT_OBJC_MSGSEND = YES;
				ENABLE_TESTABILITY = YES;
				GCC_C_LANGUAGE_STANDARD = gnu11;
				GCC_DYNAMIC_NO_PIC = NO;
				GCC_NO_COMMON_BLOCKS = YES;
				GCC_OPTIMIZATION_LEVEL = 0;
				GCC_PREPROCESSOR_DEFINITIONS = (
					"DEBUG=1",
					"$(inherited)",
				);
				GCC_WARN_64_TO_32_BIT_CONVERSION = YES;
				GCC_WARN_ABOUT_RETURN_TYPE = YES_ERROR;
				GCC_WARN_UNDECLARED_SELECTOR = YES;
				GCC_WARN_UNINITIALIZED_AUTOS = YES_AGGRESSIVE;
				GCC_WARN_UNUSED_FUNCTION = YES;
				GCC_WARN_UNUSED_VARIABLE = YES;
				IPHONEOS_DEPLOYMENT_TARGET = 15.0;
				MTL_ENABLE_DEBUG_INFO = INCLUDE_SOURCE;
				MTL_FAST_MATH = YES;
				ONLY_ACTIVE_ARCH = YES;
				SDKROOT = iphoneos;
				SWIFT_ACTIVE_COMPILATION_CONDITIONS = DEBUG;
				SWIFT_OPTIMIZATION_LEVEL = "-Onone";
			};
			name = Debug;
		};
		6ADB9E092727D54B00D983D3 /* Release */ = {
			isa = XCBuildConfiguration;
			buildSettings = {
				ALWAYS_SEARCH_USER_PATHS = NO;
				CLANG_ANALYZER_NONNULL = YES;
				CLANG_ANALYZER_NUMBER_OBJECT_CONVERSION = YES_AGGRESSIVE;
				CLANG_CXX_LANGUAGE_STANDARD = "gnu++17";
				CLANG_CXX_LIBRARY = "libc++";
				CLANG_ENABLE_MODULES = YES;
				CLANG_ENABLE_OBJC_ARC = YES;
				CLANG_ENABLE_OBJC_WEAK = YES;
				CLANG_WARN_BLOCK_CAPTURE_AUTORELEASING = YES;
				CLANG_WARN_BOOL_CONVERSION = YES;
				CLANG_WARN_COMMA = YES;
				CLANG_WARN_CONSTANT_CONVERSION = YES;
				CLANG_WARN_DEPRECATED_OBJC_IMPLEMENTATIONS = YES;
				CLANG_WARN_DIRECT_OBJC_ISA_USAGE = YES_ERROR;
				CLANG_WARN_DOCUMENTATION_COMMENTS = YES;
				CLANG_WARN_EMPTY_BODY = YES;
				CLANG_WARN_ENUM_CONVERSION = YES;
				CLANG_WARN_INFINITE_RECURSION = YES;
				CLANG_WARN_INT_CONVERSION = YES;
				CLANG_WARN_NON_LITERAL_NULL_CONVERSION = YES;
				CLANG_WARN_OBJC_IMPLICIT_RETAIN_SELF = YES;
				CLANG_WARN_OBJC_LITERAL_CONVERSION = YES;
				CLANG_WARN_OBJC_ROOT_CLASS = YES_ERROR;
				CLANG_WARN_QUOTED_INCLUDE_IN_FRAMEWORK_HEADER = YES;
				CLANG_WARN_RANGE_LOOP_ANALYSIS = YES;
				CLANG_WARN_STRICT_PROTOTYPES = YES;
				CLANG_WARN_SUSPICIOUS_MOVE = YES;
				CLANG_WARN_UNGUARDED_AVAILABILITY = YES_AGGRESSIVE;
				CLANG_WARN_UNREACHABLE_CODE = YES;
				CLANG_WARN__DUPLICATE_METHOD_MATCH = YES;
				COPY_PHASE_STRIP = NO;
				DEBUG_INFORMATION_FORMAT = "dwarf-with-dsym";
				ENABLE_NS_ASSERTIONS = NO;
				ENABLE_STRICT_OBJC_MSGSEND = YES;
				GCC_C_LANGUAGE_STANDARD = gnu11;
				GCC_NO_COMMON_BLOCKS = YES;
				GCC_WARN_64_TO_32_BIT_CONVERSION = YES;
				GCC_WARN_ABOUT_RETURN_TYPE = YES_ERROR;
				GCC_WARN_UNDECLARED_SELECTOR = YES;
				GCC_WARN_UNINITIALIZED_AUTOS = YES_AGGRESSIVE;
				GCC_WARN_UNUSED_FUNCTION = YES;
				GCC_WARN_UNUSED_VARIABLE = YES;
				IPHONEOS_DEPLOYMENT_TARGET = 15.0;
				MTL_ENABLE_DEBUG_INFO = NO;
				MTL_FAST_MATH = YES;
				SDKROOT = iphoneos;
				SWIFT_COMPILATION_MODE = wholemodule;
				SWIFT_OPTIMIZATION_LEVEL = "-O";
				VALIDATE_PRODUCT = YES;
			};
			name = Release;
		};
		6ADB9E0B2727D54B00D983D3 /* Debug */ = {
			isa = XCBuildConfiguration;
			buildSettings = {
				ASSETCATALOG_COMPILER_APPICON_NAME = AppIcon;
				ASSETCATALOG_COMPILER_GLOBAL_ACCENT_COLOR_NAME = AccentColor;
				CODE_SIGN_STYLE = Automatic;
				CURRENT_PROJECT_VERSION = 1;
				GENERATE_INFOPLIST_FILE = YES;
				INFOPLIST_FILE = swiftPackageDemo/Info.plist;
				INFOPLIST_KEY_UIApplicationSupportsIndirectInputEvents = YES;
				INFOPLIST_KEY_UILaunchStoryboardName = LaunchScreen;
				INFOPLIST_KEY_UIMainStoryboardFile = Main;
				INFOPLIST_KEY_UISupportedInterfaceOrientations_iPad = "UIInterfaceOrientationPortrait UIInterfaceOrientationPortraitUpsideDown UIInterfaceOrientationLandscapeLeft UIInterfaceOrientationLandscapeRight";
				INFOPLIST_KEY_UISupportedInterfaceOrientations_iPhone = "UIInterfaceOrientationPortrait UIInterfaceOrientationLandscapeLeft UIInterfaceOrientationLandscapeRight";
				LD_RUNPATH_SEARCH_PATHS = (
					"$(inherited)",
					"@executable_path/Frameworks",
				);
				MARKETING_VERSION = 1.0;
				PRODUCT_BUNDLE_IDENTIFIER = com.vasanth.swiftPackageDemo;
				PRODUCT_NAME = "$(TARGET_NAME)";
				SWIFT_EMIT_LOC_STRINGS = YES;
				SWIFT_VERSION = 5.0;
				TARGETED_DEVICE_FAMILY = "1,2";
			};
			name = Debug;
		};
		6ADB9E0C2727D54B00D983D3 /* Release */ = {
			isa = XCBuildConfiguration;
			buildSettings = {
				ASSETCATALOG_COMPILER_APPICON_NAME = AppIcon;
				ASSETCATALOG_COMPILER_GLOBAL_ACCENT_COLOR_NAME = AccentColor;
				CODE_SIGN_STYLE = Automatic;
				CURRENT_PROJECT_VERSION = 1;
				GENERATE_INFOPLIST_FILE = YES;
				INFOPLIST_FILE = swiftPackageDemo/Info.plist;
				INFOPLIST_KEY_UIApplicationSupportsIndirectInputEvents = YES;
				INFOPLIST_KEY_UILaunchStoryboardName = LaunchScreen;
				INFOPLIST_KEY_UIMainStoryboardFile = Main;
				INFOPLIST_KEY_UISupportedInterfaceOrientations_iPad = "UIInterfaceOrientationPortrait UIInterfaceOrientationPortraitUpsideDown UIInterfaceOrientationLandscapeLeft UIInterfaceOrientationLandscapeRight";
				INFOPLIST_KEY_UISupportedInterfaceOrientations_iPhone = "UIInterfaceOrientationPortrait UIInterfaceOrientationLandscapeLeft UIInterfaceOrientationLandscapeRight";
				LD_RUNPATH_SEARCH_PATHS = (
					"$(inherited)",
					"@executable_path/Frameworks",
				);
				MARKETING_VERSION = 1.0;
				PRODUCT_BUNDLE_IDENTIFIER = com.vasanth.swiftPackageDemo;
				PRODUCT_NAME = "$(TARGET_NAME)";
				SWIFT_EMIT_LOC_STRINGS = YES;
				SWIFT_VERSION = 5.0;
				TARGETED_DEVICE_FAMILY = "1,2";
			};
			name = Release;
		};
/* End XCBuildConfiguration section */

/* Begin XCConfigurationList section */
		6ADB9DF12727D54700D983D3 /* Build configuration list for PBXProject "swiftPackageDemo" */ = {
			isa = XCConfigurationList;
			buildConfigurations = (
				6ADB9E082727D54B00D983D3 /* Debug */,
				6ADB9E092727D54B00D983D3 /* Release */,
			);
			defaultConfigurationIsVisible = 0;
			defaultConfigurationName = Release;
		};
		6ADB9E0A2727D54B00D983D3 /* Build configuration list for PBXNativeTarget "swiftPackageDemo" */ = {
			isa = XCConfigurationList;
			buildConfigurations = (
				6ADB9E0B2727D54B00D983D3 /* Debug */,
				6ADB9E0C2727D54B00D983D3 /* Release */,
			);
			defaultConfigurationIsVisible = 0;
			defaultConfigurationName = Release;
		};
/* End XCConfigurationList section */

/* Begin XCRemoteSwiftPackageReference section */
		6ADB9E0D2727D61E00D983D3 /* XCRemoteSwiftPackageReference "MyLibrary" */ = {
			isa = XCRemoteSwiftPackageReference;
			repositoryURL = "https://github.com/VasanthKumar1705/MyLibrary.git";
			requirement = {
				branch = main;
				kind = branch;
			};
		};
		6ADB9E102727EDAC00D983D3 /* XCRemoteSwiftPackageReference "NextViewController" */ = {
			isa = XCRemoteSwiftPackageReference;
			repositoryURL = "https://github.com/VasanthKumar1705/NextViewController.git";
			requirement = {
				branch = main;
				kind = branch;
			};
		};
/* End XCRemoteSwiftPackageReference section */

/* Begin XCSwiftPackageProductDependency section */
		6ADB9E0E2727D61E00D983D3 /* MyLibrary */ = {
			isa = XCSwiftPackageProductDependency;
			package = 6ADB9E0D2727D61E00D983D3 /* XCRemoteSwiftPackageReference "MyLibrary" */;
			productName = MyLibrary;
		};
		6ADB9E112727EDAC00D983D3 /* NextViewController */ = {
			isa = XCSwiftPackageProductDependency;
			package = 6ADB9E102727EDAC00D983D3 /* XCRemoteSwiftPackageReference "NextViewController" */;
			productName = NextViewController;
		};
/* End XCSwiftPackageProductDependency section */
	};
	rootObject = 6ADB9DEE2727D54700D983D3 /* Project object */;
}
